<?xml version="1.0" encoding="utf-8"?>
<Project ToolsVersion="4.0" xmlns="http://schemas.microsoft.com/developer/msbuild/2003">
  <ItemGroup>
    <Filter Include="Platforms">
      <UniqueIdentifier>{DDACA145-4917-56BC-9255-0762FEFE3311}</UniqueIdentifier>
    </Filter>
    <Filter Include="Platforms\Windows">
      <UniqueIdentifier>{17E40808-83FA-069E-CC71-92BF38C7D725}</UniqueIdentifier>
    </Filter>
    <Filter Include="Quayside">
      <UniqueIdentifier>{EA3EF855-D60B-5361-FF24-4109EB5088EF}</UniqueIdentifier>
    </Filter>
    <Filter Include="Quayside\Events">
      <UniqueIdentifier>{8EBF28A0-FA4A-9664-035C-19596F66F264}</UniqueIdentifier>
    </Filter>
    <Filter Include="Quayside\ImGui">
      <UniqueIdentifier>{94BB725A-8089-6660-691D-D786558A42C5}</UniqueIdentifier>
    </Filter>
  </ItemGroup>
  <ItemGroup>
    <ClInclude Include="src\Platforms\Windows\WindowsInput.h">
      <Filter>Platforms\Windows</Filter>
    </ClInclude>
    <ClInclude Include="src\Platforms\Windows\WindowsWindow.h">
      <Filter>Platforms\Windows</Filter>
    </ClInclude>
    <ClInclude Include="src\Quayside.h" />
    <ClInclude Include="src\Quayside\Application.h">
      <Filter>Quayside</Filter>
    </ClInclude>
    <ClInclude Include="src\Quayside\Core.h">
      <Filter>Quayside</Filter>
    </ClInclude>
    <ClInclude Include="src\Quayside\EntryPoint.h">
      <Filter>Quayside</Filter>
    </ClInclude>
    <ClInclude Include="src\Quayside\Events\ApplicationEvent.h">
      <Filter>Quayside\Events</Filter>
    </ClInclude>
    <ClInclude Include="src\Quayside\Events\Event.h">
      <Filter>Quayside\Events</Filter>
    </ClInclude>
    <ClInclude Include="src\Quayside\Events\KeyEvent.h">
      <Filter>Quayside\Events</Filter>
    </ClInclude>
    <ClInclude Include="src\Quayside\Events\MouseEvent.h">
      <Filter>Quayside\Events</Filter>
    </ClInclude>
    <ClInclude Include="src\Quayside\ImGui\ImGuiLayer.h">
      <Filter>Quayside\ImGui</Filter>
    </ClInclude>
    <ClInclude Include="src\Quayside\Input.h">
      <Filter>Quayside</Filter>
    </ClInclude>
    <ClInclude Include="src\Quayside\KeyCodes.h">
      <Filter>Quayside</Filter>
    </ClInclude>
    <ClInclude Include="src\Quayside\Layer.h">
      <Filter>Quayside</Filter>
    </ClInclude>
    <ClInclude Include="src\Quayside\LayerStack.h">
      <Filter>Quayside</Filter>
    </ClInclude>
    <ClInclude Include="src\Quayside\Log.h">
      <Filter>Quayside</Filter>
    </ClInclude>
    <ClInclude Include="src\Quayside\MouseButtonCodes.h">
      <Filter>Quayside</Filter>
    </ClInclude>
    <ClInclude Include="src\Quayside\Window.h">
      <Filter>Quayside</Filter>
    </ClInclude>
    <ClInclude Include="src\qspch.h" />
  </ItemGroup>
  <ItemGroup>
    <ClCompile Include="src\Platforms\Windows\WindowsInput.cpp">
      <Filter>Platforms\Windows</Filter>
    </ClCompile>
    <ClCompile Include="src\Platforms\Windows\WindowsWindow.cpp">
      <Filter>Platforms\Windows</Filter>
    </ClCompile>
    <ClCompile Include="src\Quayside\Application.cpp">
      <Filter>Quayside</Filter>
    </ClCompile>
    <ClCompile Include="src\Quayside\ImGui\ImGuiBuild.cpp">
      <Filter>Quayside\ImGui</Filter>
    </ClCompile>
    <ClCompile Include="src\Quayside\ImGui\ImGuiLayer.cpp">
      <Filter>Quayside\ImGui</Filter>
    </ClCompile>
    <ClCompile Include="src\Quayside\Layer.cpp">
      <Filter>Quayside</Filter>
    </ClCompile>
    <ClCompile Include="src\Quayside\LayerStack.cpp">
      <Filter>Quayside</Filter>
    </ClCompile>
    <ClCompile Include="src\Quayside\Log.cpp">
      <Filter>Quayside</Filter>
    </ClCompile>
    <ClCompile Include="src\qspch.cpp" />
  </ItemGroup>
</Project>